{
  "nodes": {
    "flake-schemas": {
      "locked": {
        "lastModified": 1773853635,
        "narHash": "sha256-4VHWij4EWNqy1iZr6OxNB6cuv5tDjMwAL/J1SBLFU2Q=",
        "rev": "19686d6f3da8d4db959523f32eb1b50de9f18301",
        "revCount": 130,
        "type": "tarball",
        "url": "https://api.flakehub.com/f/pinned/DeterminateSystems/flake-schemas/0.4.1/019d01eb-47d3-710f-aade-0515bfcdaa1f/source.tar.gz"
      },
      "original": {
        "type": "tarball",
        "url": "https://flakehub.com/f/DeterminateSystems/flake-schemas/%2A.tar.gz"
      }
    },
    "nixpkgs": {
      "locked": {
        "lastModified": 1774106199,
        "narHash": "sha256-US5Tda2sKmjrg2lNHQL3jRQ6p96cgfWh3J1QBliQ8Ws=",
        "rev": "6c9a78c09ff4d6c21d0319114873508a6ec01655",
        "revCount": 967235,
        "type": "tarball",
        "url": "https://api.flakehub.com/f/pinned/NixOS/nixpkgs/0.1.967235%2Brev-6c9a78c09ff4d6c21d0319114873508a6ec01655/019d198c-70dc-7753-b1d1-721451f578ae/source.tar.gz"
      },
      "original": {
        "type": "tarball",
        "url": "https://flakehub.com/f/NixOS/nixpkgs/0.1.0.tar.gz"
      }
    },
    "root": {
      "inputs": {
        "flake-schemas": "flake-schemas",
        "nixpkgs": "nixpkgs"
      }
    }
  },
  "root": "root",
  "version": 7
}
